// !$*UTF8*$!
{
	archiveVersion = 1;
	classes = {
	};
	objectVersion = 77;
	objects = {

/* Begin PBXBuildFile section */
		9FA077352F82FC6300878589 /* README.md in Sources */ = {isa = PBXBuildFile; fileRef = 9FA077342F82FC6100878589 /* README.md */; };
		9FB224692FD0994300D6DE27 /* LICENSE.txt in Resources */ = {isa = PBXBuildFile; fileRef = 9FB224682FD0994300D6DE27 /* LICENSE.txt */; };
		9FE85FCD2F5A70A500D0CE3B /* StunskinHelper in Copy Files */ = {isa = PBXBuildFile; fileRef = 9FE85FB62F5A6DE800D0CE3B /* StunskinHelper */; settings = {ATTRIBUTES = (CodeSignOnCopy, ); }; };
/* End PBXBuildFile section */

/* Begin PBXCopyFilesBuildPhase section */
		9FE85FB42F5A6DE800D0CE3B /* CopyFiles */ = {
			isa = PBXCopyFilesBuildPhase;
			buildActionMask = 2147483647;
			dstPath = /usr/share/man/man1/;
			dstSubfolderSpec = 0;
			files = (
			);
			runOnlyForDeploymentPostprocessing = 1;
		};
		9FE85FC62F5A702300D0CE3B /* CopyFiles */ = {
			isa = PBXCopyFilesBuildPhase;
			buildActionMask = 2147483647;
			dstPath = Contents/Library/LaunchDaemons;
			dstSubfolderSpec = 1;
			files = (
			);
			runOnlyForDeploymentPostprocessing = 0;
		};
		9FE85FC72F5A703100D0CE3B /* Copy Files */ = {
			isa = PBXCopyFilesBuildPhase;
			buildActionMask = 2147483647;
			dstPath = Contents/Helpers;
			dstSubfolderSpec = 1;
			files = (
				9FE85FCD2F5A70A500D0CE3B /* StunskinHelper in Copy Files */,
			);
			name = "Copy Files";
			runOnlyForDeploymentPostprocessing = 0;
		};
/* End PBXCopyFilesBuildPhase section */

/* Begin PBXFileReference section */
		9FA077342F82FC6100878589 /* README.md */ = {isa = PBXFileReference; lastKnownFileType = net.daringfireball.markdown; path = README.md; sourceTree = "<group>"; };
		9FB224682FD0994300D6DE27 /* LICENSE.txt */ = {isa = PBXFileReference; lastKnownFileType = text; path = LICENSE.txt; sourceTree = "<group>"; };
		9FE85F972F5A6CBC00D0CE3B /* Stunskin.app */ = {isa = PBXFileReference; explicitFileType = wrapper.application; includeInIndex = 0; path = Stunskin.app; sourceTree = BUILT_PRODUCTS_DIR; };
		9FE85FB62F5A6DE800D0CE3B /* StunskinHelper */ = {isa = PBXFileReference; explicitFileType = "compiled.mach-o.executable"; includeInIndex = 0; path = StunskinHelper; sourceTree = BUILT_PRODUCTS_DIR; };
/* End PBXFileReference section */

/* Begin PBXFileSystemSynchronizedBuildFileExceptionSet section */
		9F86417D2F5F000F00FB73FD /* Exceptions for "Stunskin" folder in "Stunskin" target */ = {
			isa = PBXFileSystemSynchronizedBuildFileExceptionSet;
			membershipExceptions = (
				Info.plist,
			);
			target = 9FE85F962F5A6CBC00D0CE3B /* Stunskin */;
		};
/* End PBXFileSystemSynchronizedBuildFileExceptionSet section */

/* Begin PBXFileSystemSynchronizedGroupBuildPhaseMembershipExceptionSet section */
		9FB224632FD0677800D6DE27 /* Exceptions for "StunskinHelper" folder in "Copy Files" phase from "Stunskin" target */ = {
			isa = PBXFileSystemSynchronizedGroupBuildPhaseMembershipExceptionSet;
			attributesByRelativePath = {
				Binaries/openvpn = (CodeSignOnCopy, );
				Binaries/stunnel = (CodeSignOnCopy, );
			};
			buildPhase = 9FE85FC72F5A703100D0CE3B /* Copy Files */;
			membershipExceptions = (
				Binaries/openvpn,
				Binaries/stunnel,
			);
		};
		9FE85FD02F5A70F900D0CE3B /* Exceptions for "StunskinHelper" folder in "Copy Files" phase from "Stunskin" target */ = {
			isa = PBXFileSystemSynchronizedGroupBuildPhaseMembershipExceptionSet;
			buildPhase = 9FE85FC62F5A702300D0CE3B /* CopyFiles */;
			membershipExceptions = (
				com.Thrill32.Stunskin.Helper.plist,
			);
		};
/* End PBXFileSystemSynchronizedGroupBuildPhaseMembershipExceptionSet section */

/* Begin PBXFileSystemSynchronizedRootGroup section */
		9FE85F982F5A6CBC00D0CE3B /* Stunskin */ = {
			isa = PBXFileSystemSynchronizedRootGroup;
			exceptions = (
				9F86417D2F5F000F00FB73FD /* Exceptions for "Stunskin" folder in "Stunskin" target */,
			);
			path = Stunskin;
			sourceTree = "<group>";
		};
		9FE85FB72F5A6DE800D0CE3B /* StunskinHelper */ = {
			isa = PBXFileSystemSynchronizedRootGroup;
			exceptions = (
				9FE85FD02F5A70F900D0CE3B /* Exceptions for "StunskinHelper" folder in "Copy Files" phase from "Stunskin" target */,
				9FB224632FD0677800D6DE27 /* Exceptions for "StunskinHelper" folder in "Copy Files" phase from "Stunskin" target */,
			);
			path = StunskinHelper;
			sourceTree = "<group>";
		};
/* End PBXFileSystemSynchronizedRootGroup section */

/* Begin PBXFrameworksBuildPhase section */
		9FE85F942F5A6CBC00D0CE3B /* Frameworks */ = {
			isa = PBXFrameworksBuildPhase;
			buildActionMask = 2147483647;
			files = (
			);
			runOnlyForDeploymentPostprocessing = 0;
		};
		9FE85FB32F5A6DE800D0CE3B /* Frameworks */ = {
			isa = PBXFrameworksBuildPhase;
			buildActionMask = 2147483647;
			files = (
			);
			runOnlyForDeploymentPostprocessing = 0;
		};
/* End PBXFrameworksBuildPhase section */

/* Begin PBXGroup section */
		9FDA2B7F2F59D144001C8B57 = {
			isa = PBXGroup;
			children = (
				9FB224682FD0994300D6DE27 /* LICENSE.txt */,
				9FA077342F82FC6100878589 /* README.md */,
				9FE85F982F5A6CBC00D0CE3B /* Stunskin */,
				9FE85FB72F5A6DE800D0CE3B /* StunskinHelper */,
				9FDA2B892F59D144001C8B57 /* Products */,
			);
			sourceTree = "<group>";
		};
		9FDA2B892F59D144001C8B57 /* Products */ = {
			isa = PBXGroup;
			children = (
				9FE85F972F5A6CBC00D0CE3B /* Stunskin.app */,
				9FE85FB62F5A6DE800D0CE3B /* StunskinHelper */,
			);
			name = Products;
			sourceTree = "<group>";
		};
/* End PBXGroup section */

/* Begin PBXNativeTarget section */
		9FE85F962F5A6CBC00D0CE3B /* Stunskin */ = {
			isa = PBXNativeTarget;
			buildConfigurationList = 9FE85F9F2F5A6CBD00D0CE3B /* Build configuration list for PBXNativeTarget "Stunskin" */;
			buildPhases = (
				9FE85F932F5A6CBC00D0CE3B /* Sources */,
				9FE85F942F5A6CBC00D0CE3B /* Frameworks */,
				9FE85F952F5A6CBC00D0CE3B /* Resources */,
				9FE85FC62F5A702300D0CE3B /* CopyFiles */,
				9FE85FC72F5A703100D0CE3B /* Copy Files */,
			);
			buildRules = (
			);
			dependencies = (
			);
			fileSystemSynchronizedGroups = (
				9FE85F982F5A6CBC00D0CE3B /* Stunskin */,
			);
			name = Stunskin;
			packageProductDependencies = (
			);
			productName = Stunskin;
			productReference = 9FE85F972F5A6CBC00D0CE3B /* Stunskin.app */;
			productType = "com.apple.product-type.application";
		};
		9FE85FB52F5A6DE800D0CE3B /* StunskinHelper */ = {
			isa = PBXNativeTarget;
			buildConfigurationList = 9FE85FBA2F5A6DE800D0CE3B /* Build configuration list for PBXNativeTarget "StunskinHelper" */;
			buildPhases = (
				9FE85FB22F5A6DE800D0CE3B /* Sources */,
				9FE85FB32F5A6DE800D0CE3B /* Frameworks */,
				9FE85FB42F5A6DE800D0CE3B /* CopyFiles */,
			);
			buildRules = (
			);
			dependencies = (
			);
			fileSystemSynchronizedGroups = (
				9FE85FB72F5A6DE800D0CE3B /* StunskinHelper */,
			);
			name = StunskinHelper;
			packageProductDependencies = (
			);
			productName = StunskinHelper;
			productReference = 9FE85FB62F5A6DE800D0CE3B /* StunskinHelper */;
			productType = "com.apple.product-type.tool";
		};
/* End PBXNativeTarget section */

/* Begin PBXProject section */
		9FDA2B802F59D144001C8B57 /* Project object */ = {
			isa = PBXProject;
			attributes = {
				BuildIndependentTargetsInParallel = 1;
				LastSwiftUpdateCheck = 2630;
				LastUpgradeCheck = 2630;
				TargetAttributes = {
					9FE85F962F5A6CBC00D0CE3B = {
						CreatedOnToolsVersion = 26.3;
					};
					9FE85FB52F5A6DE800D0CE3B = {
						CreatedOnToolsVersion = 26.3;
					};
				};
			};
			buildConfigurationList = 9FDA2B832F59D144001C8B57 /* Build configuration list for PBXProject "Stunskin" */;
			developmentRegion = en;
			hasScannedForEncodings = 0;
			knownRegions = (
				en,
				Base,
			);
			mainGroup = 9FDA2B7F2F59D144001C8B57;
			minimizedProjectReferenceProxies = 1;
			preferredProjectObjectVersion = 77;
			productRefGroup = 9FDA2B892F59D144001C8B57 /* Products */;
			projectDirPath = "";
			projectRoot = "";
			targets = (
				9FE85F962F5A6CBC00D0CE3B /* Stunskin */,
				9FE85FB52F5A6DE800D0CE3B /* StunskinHelper */,
			);
		};
/* End PBXProject section */

/* Begin PBXResourcesBuildPhase section */
		9FE85F952F5A6CBC00D0CE3B /* Resources */ = {
			isa = PBXResourcesBuildPhase;
			buildActionMask = 2147483647;
			files = (
				9FB224692FD0994300D6DE27 /* LICENSE.txt in Resources */,
			);
			runOnlyForDeploymentPostprocessing = 0;
		};
/* End PBXResourcesBuildPhase section */

/* Begin PBXSourcesBuildPhase section */
		9FE85F932F5A6CBC00D0CE3B /* Sources */ = {
			isa = PBXSourcesBuildPhase;
			buildActionMask = 2147483647;
			files = (
				9FA077352F82FC6300878589 /* README.md in Sources */,
			);
			runOnlyForDeploymentPostprocessing = 0;
		};
		9FE85FB22F5A6DE800D0CE3B /* Sources */ = {
			isa = PBXSourcesBuildPhase;
			buildActionMask = 2147483647;
			files = (
			);
			runOnlyForDeploymentPostprocessing = 0;
		};
/* End PBXSourcesBuildPhase section */

/* Begin XCBuildConfiguration section */
		9FDA2B912F59D145001C8B57 /* Debug */ = {
			isa = XCBuildConfiguration;
			buildSettings = {
				ALWAYS_SEARCH_USER_PATHS = NO;
				ASSETCATALOG_COMPILER_GENERATE_SWIFT_ASSET_SYMBOL_EXTENSIONS = YES;
				CLANG_ANALYZER_NONNULL = YES;
				CLANG_ANALYZER_NUMBER_OBJECT_CONVERSION = YES_AGGRESSIVE;
				CLANG_CXX_LANGUAGE_STANDARD = "gnu++20";
				CLANG_ENABLE_MODULES = YES;
				CLANG_ENABLE_OBJC_ARC = YES;
				CLANG_ENABLE_OBJC_WEAK = YES;
				CLANG_WARN_BLOCK_CAPTURE_AUTORELEASING = YES;
				CLANG_WARN_BOOL_CONVERSION = YES;
				CLANG_WARN_COMMA = YES;
				CLANG_WARN_CONSTANT_CONVERSION = YES;
				CLANG_WARN_DEPRECATED_OBJC_IMPLEMENTATIONS = YES;
				CLANG_WARN_DIRECT_OBJC_ISA_USAGE = YES_ERROR;
				CLANG_WARN_DOCUMENTATION_COMMENTS = YES;
				CLANG_WARN_EMPTY_BODY = YES;
				CLANG_WARN_ENUM_CONVERSION = YES;
				CLANG_WARN_INFINITE_RECURSION = YES;
				CLANG_WARN_INT_CONVERSION = YES;
				CLANG_WARN_NON_LITERAL_NULL_CONVERSION = YES;
				CLANG_WARN_OBJC_IMPLICIT_RETAIN_SELF = YES;
				CLANG_WARN_OBJC_LITERAL_CONVERSION = YES;
				CLANG_WARN_OBJC_ROOT_CLASS = YES_ERROR;
				CLANG_WARN_QUOTED_INCLUDE_IN_FRAMEWORK_HEADER = YES;
				CLANG_WARN_RANGE_LOOP_ANALYSIS = YES;
				CLANG_WARN_STRICT_PROTOTYPES = YES;
				CLANG_WARN_SUSPICIOUS_MOVE = YES;
				CLANG_WARN_UNGUARDED_AVAILABILITY = YES_AGGRESSIVE;
				CLANG_WARN_UNREACHABLE_CODE = YES;
				CLANG_WARN__DUPLICATE_METHOD_MATCH = YES;
				COPY_PHASE_STRIP = NO;
				DEBUG_INFORMATION_FORMAT = dwarf;
				DEVELOPMENT_TEAM = 28G27783GF;
				ENABLE_STRICT_OBJC_MSGSEND = YES;
				ENABLE_TESTABILITY = YES;
				ENABLE_USER_SCRIPT_SANDBOXING = YES;
				GCC_C_LANGUAGE_STANDARD = gnu17;
				GCC_DYNAMIC_NO_PIC = NO;
				GCC_NO_COMMON_BLOCKS = YES;
				GCC_OPTIMIZATION_LEVEL = 0;
				GCC_PREPROCESSOR_DEFINITIONS = (
					"DEBUG=1",
					"$(inherited)",
				);
				GCC_WARN_64_TO_32_BIT_CONVERSION = YES;
				GCC_WARN_ABOUT_RETURN_TYPE = YES_ERROR;
				GCC_WARN_UNDECLARED_SELECTOR = YES;
				GCC_WARN_UNINITIALIZED_AUTOS = YES_AGGRESSIVE;
				GCC_WARN_UNUSED_FUNCTION = YES;
				GCC_WARN_UNUSED_VARIABLE = YES;
				LOCALIZATION_PREFERS_STRING_CATALOGS = YES;
				MACOSX_DEPLOYMENT_TARGET = 26.2;
				MTL_ENABLE_DEBUG_INFO = INCLUDE_SOURCE;
				MTL_FAST_MATH = YES;
				ONLY_ACTIVE_ARCH = YES;
				SDKROOT = macosx;
				SWIFT_ACTIVE_COMPILATION_CONDITIONS = "DEBUG $(inherited)";
				SWIFT_OPTIMIZATION_LEVEL = "-Onone";
			};
			name = Debug;
		};
		9FDA2B922F59D145001C8B57 /* Release */ = {
			isa = XCBuildConfiguration;
			buildSettings = {
				ALWAYS_SEARCH_USER_PATHS = NO;
				ASSETCATALOG_COMPILER_GENERATE_SWIFT_ASSET_SYMBOL_EXTENSIONS = YES;
				CLANG_ANALYZER_NONNULL = YES;
				CLANG_ANALYZER_NUMBER_OBJECT_CONVERSION = YES_AGGRESSIVE;
				CLANG_CXX_LANGUAGE_STANDARD = "gnu++20";
				CLANG_ENABLE_MODULES = YES;
				CLANG_ENABLE_OBJC_ARC = YES;
				CLANG_ENABLE_OBJC_WEAK = YES;
				CLANG_WARN_BLOCK_CAPTURE_AUTORELEASING = YES;
				CLANG_WARN_BOOL_CONVERSION = YES;
				CLANG_WARN_COMMA = YES;
				CLANG_WARN_CONSTANT_CONVERSION = YES;
				CLANG_WARN_DEPRECATED_OBJC_IMPLEMENTATIONS = YES;
				CLANG_WARN_DIRECT_OBJC_ISA_USAGE = YES_ERROR;
				CLANG_WARN_DOCUMENTATION_COMMENTS = YES;
				CLANG_WARN_EMPTY_BODY = YES;
				CLANG_WARN_ENUM_CONVERSION = YES;
				CLANG_WARN_INFINITE_RECURSION = YES;
				CLANG_WARN_INT_CONVERSION = YES;
				CLANG_WARN_NON_LITERAL_NULL_CONVERSION = YES;
				CLANG_WARN_OBJC_IMPLICIT_RETAIN_SELF = YES;
				CLANG_WARN_OBJC_LITERAL_CONVERSION = YES;
				CLANG_WARN_OBJC_ROOT_CLASS = YES_ERROR;
				CLANG_WARN_QUOTED_INCLUDE_IN_FRAMEWORK_HEADER = YES;
				CLANG_WARN_RANGE_LOOP_ANALYSIS = YES;
				CLANG_WARN_STRICT_PROTOTYPES = YES;
				CLANG_WARN_SUSPICIOUS_MOVE = YES;
				CLANG_WARN_UNGUARDED_AVAILABILITY = YES_AGGRESSIVE;
				CLANG_WARN_UNREACHABLE_CODE = YES;
				CLANG_WARN__DUPLICATE_METHOD_MATCH = YES;
				COPY_PHASE_STRIP = NO;
				DEBUG_INFORMATION_FORMAT = "dwarf-with-dsym";
				DEVELOPMENT_TEAM = 28G27783GF;
				ENABLE_NS_ASSERTIONS = NO;
				ENABLE_STRICT_OBJC_MSGSEND = YES;
				ENABLE_USER_SCRIPT_SANDBOXING = YES;
				GCC_C_LANGUAGE_STANDARD = gnu17;
				GCC_NO_COMMON_BLOCKS = YES;
				GCC_WARN_64_TO_32_BIT_CONVERSION = YES;
				GCC_WARN_ABOUT_RETURN_TYPE = YES_ERROR;
				GCC_WARN_UNDECLARED_SELECTOR = YES;
				GCC_WARN_UNINITIALIZED_AUTOS = YES_AGGRESSIVE;
				GCC_WARN_UNUSED_FUNCTION = YES;
				GCC_WARN_UNUSED_VARIABLE = YES;
				LOCALIZATION_PREFERS_STRING_CATALOGS = YES;
				MACOSX_DEPLOYMENT_TARGET = 26.2;
				MTL_ENABLE_DEBUG_INFO = NO;
				MTL_FAST_MATH = YES;
				SDKROOT = macosx;
				SWIFT_COMPILATION_MODE = wholemodule;
			};
			name = Release;
		};
		9FE85FA02F5A6CBD00D0CE3B /* Debug */ = {
			isa = XCBuildConfiguration;
			buildSettings = {
				ASSETCATALOG_COMPILER_APPICON_NAME = AppIcon;
				ASSETCATALOG_COMPILER_GLOBAL_ACCENT_COLOR_NAME = AccentColor;
				"CODE_SIGN_IDENTITY[sdk=macosx*]" = "Apple Development";
				CODE_SIGN_STYLE = Automatic;
				COMBINE_HIDPI_IMAGES = YES;
				CURRENT_PROJECT_VERSION = 1;
				DEVELOPMENT_TEAM = 28G27783GF;
				ENABLE_APP_SANDBOX = NO;
				ENABLE_HARDENED_RUNTIME = YES;
				ENABLE_PREVIEWS = YES;
				GENERATE_INFOPLIST_FILE = YES;
				INFOPLIST_FILE = Stunskin/Info.plist;
				INFOPLIST_KEY_LSUIElement = YES;
				INFOPLIST_KEY_NSHumanReadableCopyright = "";
				LD_RUNPATH_SEARCH_PATHS = (
					"$(inherited)",
					"@executable_path/../Frameworks",
				);
				MARKETING_VERSION = 1.0;
				PRODUCT_BUNDLE_IDENTIFIER = com.Thrill32.Stunskin;
				PRODUCT_NAME = "$(TARGET_NAME)";
				REGISTER_APP_GROUPS = YES;
				STRING_CATALOG_GENERATE_SYMBOLS = YES;
				SWIFT_APPROACHABLE_CONCURRENCY = YES;
				SWIFT_DEFAULT_ACTOR_ISOLATION = MainActor;
				SWIFT_EMIT_LOC_STRINGS = YES;
				SWIFT_UPCOMING_FEATURE_MEMBER_IMPORT_VISIBILITY = YES;
				SWIFT_VERSION = 5.0;
			};
			name = Debug;
		};
		9FE85FA12F5A6CBD00D0CE3B /* Release */ = {
			isa = XCBuildConfiguration;
			buildSettings = {
				ASSETCATALOG_COMPILER_APPICON_NAME = AppIcon;
				ASSETCATALOG_COMPILER_GLOBAL_ACCENT_COLOR_NAME = AccentColor;
				"CODE_SIGN_IDENTITY[sdk=macosx*]" = "Apple Development";
				CODE_SIGN_STYLE = Automatic;
				COMBINE_HIDPI_IMAGES = YES;
				CURRENT_PROJECT_VERSION = 1;
				DEVELOPMENT_TEAM = 28G27783GF;
				ENABLE_APP_SANDBOX = NO;
				ENABLE_HARDENED_RUNTIME = YES;
				ENABLE_PREVIEWS = YES;
				GENERATE_INFOPLIST_FILE = YES;
				INFOPLIST_FILE = Stunskin/Info.plist;
				INFOPLIST_KEY_LSUIElement = YES;
				INFOPLIST_KEY_NSHumanReadableCopyright = "";
				LD_RUNPATH_SEARCH_PATHS = (
					"$(inherited)",
					"@executable_path/../Frameworks",
				);
				MARKETING_VERSION = 1.0;
				PRODUCT_BUNDLE_IDENTIFIER = com.Thrill32.Stunskin;
				PRODUCT_NAME = "$(TARGET_NAME)";
				REGISTER_APP_GROUPS = YES;
				STRING_CATALOG_GENERATE_SYMBOLS = YES;
				SWIFT_APPROACHABLE_CONCURRENCY = YES;
				SWIFT_DEFAULT_ACTOR_ISOLATION = MainActor;
				SWIFT_EMIT_LOC_STRINGS = YES;
				SWIFT_UPCOMING_FEATURE_MEMBER_IMPORT_VISIBILITY = YES;
				SWIFT_VERSION = 5.0;
			};
			name = Release;
		};
		9FE85FBB2F5A6DE800D0CE3B /* Debug */ = {
			isa = XCBuildConfiguration;
			buildSettings = {
				"CODE_SIGN_IDENTITY[sdk=macosx*]" = "Apple Development";
				CODE_SIGN_STYLE = Automatic;
				DEVELOPMENT_TEAM = 28G27783GF;
				ENABLE_HARDENED_RUNTIME = YES;
				INFOPLIST_FILE = /Users/wills/Stunskin2/StunskinHelper/Info.plist;
				PRODUCT_BUNDLE_IDENTIFIER = com.Thrill32.Stunskin.Helper;
				PRODUCT_NAME = "$(TARGET_NAME)";
				SWIFT_APPROACHABLE_CONCURRENCY = YES;
				SWIFT_UPCOMING_FEATURE_MEMBER_IMPORT_VISIBILITY = YES;
				SWIFT_VERSION = 5.0;
			};
			name = Debug;
		};
		9FE85FBC2F5A6DE800D0CE3B /* Release */ = {
			isa = XCBuildConfiguration;
			buildSettings = {
				"CODE_SIGN_IDENTITY[sdk=macosx*]" = "Apple Development";
				CODE_SIGN_STYLE = Automatic;
				DEVELOPMENT_TEAM = 28G27783GF;
				ENABLE_HARDENED_RUNTIME = YES;
				INFOPLIST_FILE = /Users/wills/Stunskin2/StunskinHelper/Info.plist;
				PRODUCT_BUNDLE_IDENTIFIER = com.Thrill32.Stunskin.Helper;
				PRODUCT_NAME = "$(TARGET_NAME)";
				SWIFT_APPROACHABLE_CONCURRENCY = YES;
				SWIFT_UPCOMING_FEATURE_MEMBER_IMPORT_VISIBILITY = YES;
				SWIFT_VERSION = 5.0;
			};
			name = Release;
		};
/* End XCBuildConfiguration section */

/* Begin XCConfigurationList section */
		9FDA2B832F59D144001C8B57 /* Build configuration list for PBXProject "Stunskin" */ = {
			isa = XCConfigurationList;
			buildConfigurations = (
				9FDA2B912F59D145001C8B57 /* Debug */,
				9FDA2B922F59D145001C8B57 /* Release */,
			);
			defaultConfigurationIsVisible = 0;
			defaultConfigurationName = Release;
		};
		9FE85F9F2F5A6CBD00D0CE3B /* Build configuration list for PBXNativeTarget "Stunskin" */ = {
			isa = XCConfigurationList;
			buildConfigurations = (
				9FE85FA02F5A6CBD00D0CE3B /* Debug */,
				9FE85FA12F5A6CBD00D0CE3B /* Release */,
			);
			defaultConfigurationIsVisible = 0;
			defaultConfigurationName = Release;
		};
		9FE85FBA2F5A6DE800D0CE3B /* Build configuration list for PBXNativeTarget "StunskinHelper" */ = {
			isa = XCConfigurationList;
			buildConfigurations = (
				9FE85FBB2F5A6DE800D0CE3B /* Debug */,
				9FE85FBC2F5A6DE800D0CE3B /* Release */,
			);
			defaultConfigurationIsVisible = 0;
			defaultConfigurationName = Release;
		};
/* End XCConfigurationList section */
	};
	rootObject = 9FDA2B802F59D144001C8B57 /* Project object */;
}
